
Microsoft Visual Studio Solution File, Format Version 12.00
# Visual Studio 15
VisualStudioVersion = 15.0.25807.0
MinimumVisualStudioVersion = 10.0.40219.1
Project("{2150E333-8FDC-42A3-9474-1A3956D46DE8}") = "Engine", "Engine", "{2EFADD9D-4E65-4EE8-9CEF-5D7536F48079}"
EndProject
Project("{2150E333-8FDC-42A3-9474-1A3956D46DE8}") = "Games", "Games", "{7D53882A-2CB1-4094-A74F-3D91A7EDE1F7}"
EndProject
Project("{8BC9CEB8-8B4A-11D0-8D11-00A0C91BC942}") = "UE4", "Intermediate\ProjectFiles\UE4.vcxproj", "{20B46EA3-70BB-4BC0-BF11-5DA23B660597}"
EndProject
Project("{8BC9CEB8-8B4A-11D0-8D11-00A0C91BC942}") = "VRmolecularBuilderV2", "Intermediate\ProjectFiles\VRmolecularBuilderV2.vcxproj", "{5A11653C-DBD4-4247-AE8B-BA5592CB1203}"
EndProject
Global
	GlobalSection(SolutionConfigurationPlatforms) = preSolution
		DebugGame Editor|HTML5 = DebugGame Editor|HTML5
		DebugGame Editor|Win32 = DebugGame Editor|Win32
		DebugGame Editor|Win64 = DebugGame Editor|Win64
		DebugGame|HTML5 = DebugGame|HTML5
		DebugGame|Win32 = DebugGame|Win32
		DebugGame|Win64 = DebugGame|Win64
		Development Editor|HTML5 = Development Editor|HTML5
		Development Editor|Win32 = Development Editor|Win32
		Development Editor|Win64 = Development Editor|Win64
		Development|HTML5 = Development|HTML5
		Development|Win32 = Development|Win32
		Development|Win64 = Development|Win64
		Shipping|HTML5 = Shipping|HTML5
		Shipping|Win32 = Shipping|Win32
		Shipping|Win64 = Shipping|Win64
	EndGlobalSection
	GlobalSection(ProjectConfigurationPlatforms) = postSolution
		{20B46EA3-70BB-4BC0-BF11-5DA23B660597}.DebugGame Editor|HTML5.ActiveCfg = BuiltWithUnrealBuildTool|Win32
		{20B46EA3-70BB-4BC0-BF11-5DA23B660597}.DebugGame Editor|HTML5.Build.0 = BuiltWithUnrealBuildTool|Win32
		{20B46EA3-70BB-4BC0-BF11-5DA23B660597}.DebugGame Editor|Win32.ActiveCfg = BuiltWithUnrealBuildTool|Win32
		{20B46EA3-70BB-4BC0-BF11-5DA23B660597}.DebugGame Editor|Win32.Build.0 = BuiltWithUnrealBuildTool|Win32
		{20B46EA3-70BB-4BC0-BF11-5DA23B660597}.DebugGame Editor|Win64.ActiveCfg = BuiltWithUnrealBuildTool|Win32
		{20B46EA3-70BB-4BC0-BF11-5DA23B660597}.DebugGame Editor|Win64.Build.0 = BuiltWithUnrealBuildTool|Win32
		{20B46EA3-70BB-4BC0-BF11-5DA23B660597}.DebugGame|HTML5.ActiveCfg = BuiltWithUnrealBuildTool|Win32
		{20B46EA3-70BB-4BC0-BF11-5DA23B660597}.DebugGame|HTML5.Build.0 = BuiltWithUnrealBuildTool|Win32
		{20B46EA3-70BB-4BC0-BF11-5DA23B660597}.DebugGame|Win32.ActiveCfg = BuiltWithUnrealBuildTool|Win32
		{20B46EA3-70BB-4BC0-BF11-5DA23B660597}.DebugGame|Win32.Build.0 = BuiltWithUnrealBuildTool|Win32
		{20B46EA3-70BB-4BC0-BF11-5DA23B660597}.DebugGame|Win64.ActiveCfg = BuiltWithUnrealBuildTool|Win32
		{20B46EA3-70BB-4BC0-BF11-5DA23B660597}.DebugGame|Win64.Build.0 = BuiltWithUnrealBuildTool|Win32
		{20B46EA3-70BB-4BC0-BF11-5DA23B660597}.Development Editor|HTML5.ActiveCfg = BuiltWithUnrealBuildTool|Win32
		{20B46EA3-70BB-4BC0-BF11-5DA23B660597}.Development Editor|HTML5.Build.0 = BuiltWithUnrealBuildTool|Win32
		{20B46EA3-70BB-4BC0-BF11-5DA23B660597}.Development Editor|Win32.ActiveCfg = BuiltWithUnrealBuildTool|Win32
		{20B46EA3-70BB-4BC0-BF11-5DA23B660597}.Development Editor|Win32.Build.0 = BuiltWithUnrealBuildTool|Win32
		{20B46EA3-70BB-4BC0-BF11-5DA23B660597}.Development Editor|Win64.ActiveCfg = BuiltWithUnrealBuildTool|Win32
		{20B46EA3-70BB-4BC0-BF11-5DA23B660597}.Development Editor|Win64.Build.0 = BuiltWithUnrealBuildTool|Win32
		{20B46EA3-70BB-4BC0-BF11-5DA23B660597}.Development|HTML5.ActiveCfg = BuiltWithUnrealBuildTool|Win32
		{20B46EA3-70BB-4BC0-BF11-5DA23B660597}.Development|HTML5.Build.0 = BuiltWithUnrealBuildTool|Win32
		{20B46EA3-70BB-4BC0-BF11-5DA23B660597}.Development|Win32.ActiveCfg = BuiltWithUnrealBuildTool|Win32
		{20B46EA3-70BB-4BC0-BF11-5DA23B660597}.Development|Win32.Build.0 = BuiltWithUnrealBuildTool|Win32
		{20B46EA3-70BB-4BC0-BF11-5DA23B660597}.Development|Win64.ActiveCfg = BuiltWithUnrealBuildTool|Win32
		{20B46EA3-70BB-4BC0-BF11-5DA23B660597}.Development|Win64.Build.0 = BuiltWithUnrealBuildTool|Win32
		{20B46EA3-70BB-4BC0-BF11-5DA23B660597}.Shipping|HTML5.ActiveCfg = BuiltWithUnrealBuildTool|Win32
		{20B46EA3-70BB-4BC0-BF11-5DA23B660597}.Shipping|HTML5.Build.0 = BuiltWithUnrealBuildTool|Win32
		{20B46EA3-70BB-4BC0-BF11-5DA23B660597}.Shipping|Win32.ActiveCfg = BuiltWithUnrealBuildTool|Win32
		{20B46EA3-70BB-4BC0-BF11-5DA23B660597}.Shipping|Win32.Build.0 = BuiltWithUnrealBuildTool|Win32
		{20B46EA3-70BB-4BC0-BF11-5DA23B660597}.Shipping|Win64.ActiveCfg = BuiltWithUnrealBuildTool|Win32
		{20B46EA3-70BB-4BC0-BF11-5DA23B660597}.Shipping|Win64.Build.0 = BuiltWithUnrealBuildTool|Win32
		{5A11653C-DBD4-4247-AE8B-BA5592CB1203}.DebugGame Editor|HTML5.ActiveCfg = HTML5_DebugGame_Editor|Win32
		{5A11653C-DBD4-4247-AE8B-BA5592CB1203}.DebugGame Editor|Win32.ActiveCfg = DebugGame_Editor|Win32
		{5A11653C-DBD4-4247-AE8B-BA5592CB1203}.DebugGame Editor|Win64.ActiveCfg = DebugGame_Editor|x64
		{5A11653C-DBD4-4247-AE8B-BA5592CB1203}.DebugGame Editor|Win64.Build.0 = DebugGame_Editor|x64
		{5A11653C-DBD4-4247-AE8B-BA5592CB1203}.DebugGame|HTML5.ActiveCfg = HTML5_DebugGame_Game|Win32
		{5A11653C-DBD4-4247-AE8B-BA5592CB1203}.DebugGame|HTML5.Build.0 = HTML5_DebugGame_Game|Win32
		{5A11653C-DBD4-4247-AE8B-BA5592CB1203}.DebugGame|Win32.ActiveCfg = DebugGame_Game|Win32
		{5A11653C-DBD4-4247-AE8B-BA5592CB1203}.DebugGame|Win32.Build.0 = DebugGame_Game|Win32
		{5A11653C-DBD4-4247-AE8B-BA5592CB1203}.DebugGame|Win64.ActiveCfg = DebugGame_Game|x64
		{5A11653C-DBD4-4247-AE8B-BA5592CB1203}.DebugGame|Win64.Build.0 = DebugGame_Game|x64
		{5A11653C-DBD4-4247-AE8B-BA5592CB1203}.Development Editor|HTML5.ActiveCfg = HTML5_Development_Editor|Win32
		{5A11653C-DBD4-4247-AE8B-BA5592CB1203}.Development Editor|Win32.ActiveCfg = Development_Editor|Win32
		{5A11653C-DBD4-4247-AE8B-BA5592CB1203}.Development Editor|Win64.ActiveCfg = Development_Editor|x64
		{5A11653C-DBD4-4247-AE8B-BA5592CB1203}.Development Editor|Win64.Build.0 = Development_Editor|x64
		{5A11653C-DBD4-4247-AE8B-BA5592CB1203}.Development|HTML5.ActiveCfg = HTML5_Development_Game|Win32
		{5A11653C-DBD4-4247-AE8B-BA5592CB1203}.Development|HTML5.Build.0 = HTML5_Development_Game|Win32
		{5A11653C-DBD4-4247-AE8B-BA5592CB1203}.Development|Win32.ActiveCfg = Development_Game|Win32
		{5A11653C-DBD4-4247-AE8B-BA5592CB1203}.Development|Win32.Build.0 = Development_Game|Win32
		{5A11653C-DBD4-4247-AE8B-BA5592CB1203}.Development|Win64.ActiveCfg = Development_Game|x64
		{5A11653C-DBD4-4247-AE8B-BA5592CB1203}.Development|Win64.Build.0 = Development_Game|x64
		{5A11653C-DBD4-4247-AE8B-BA5592CB1203}.Shipping|HTML5.ActiveCfg = HTML5_Shipping_Game|Win32
		{5A11653C-DBD4-4247-AE8B-BA5592CB1203}.Shipping|HTML5.Build.0 = HTML5_Shipping_Game|Win32
		{5A11653C-DBD4-4247-AE8B-BA5592CB1203}.Shipping|Win32.ActiveCfg = Shipping_Game|Win32
		{5A11653C-DBD4-4247-AE8B-BA5592CB1203}.Shipping|Win32.Build.0 = Shipping_Game|Win32
		{5A11653C-DBD4-4247-AE8B-BA5592CB1203}.Shipping|Win64.ActiveCfg = Shipping_Game|x64
		{5A11653C-DBD4-4247-AE8B-BA5592CB1203}.Shipping|Win64.Build.0 = Shipping_Game|x64
	EndGlobalSection
	GlobalSection(SolutionProperties) = preSolution
		HideSolutionNode = FALSE
	EndGlobalSection
	GlobalSection(NestedProjects) = preSolution
		{20B46EA3-70BB-4BC0-BF11-5DA23B660597} = {2EFADD9D-4E65-4EE8-9CEF-5D7536F48079}
		{5A11653C-DBD4-4247-AE8B-BA5592CB1203} = {7D53882A-2CB1-4094-A74F-3D91A7EDE1F7}
	EndGlobalSection
	GlobalSection(ExtensibilityGlobals) = postSolution
		SolutionGuid = {256F2AAC-A092-4E40-8738-DE0730E45F4A}
	EndGlobalSection
EndGlobal
